
Microsoft Visual Studio Solution File, Format Version 12.00
# Visual Studio 15
VisualStudioVersion = 15.0.26730.8
MinimumVisualStudioVersion = 10.0.40219.1
Project("{FAE04EC0-301F-11D3-BF4B-00C04F79EFBC}") = "Brackets", "Brackets\Brackets.csproj", "{1D2E92DA-1F1A-438F-BE53-69FF14BFCD00}"
EndProject
Global
	GlobalSection(SolutionConfigurationPlatforms) = preSolution
		Debug|Any CPU = Debug|Any CPU
		Release|Any CPU = Release|Any CPU
	EndGlobalSection
	GlobalSection(ProjectConfigurationPlatforms) = postSolution
		{1D2E92DA-1F1A-438F-BE53-69FF14BFCD00}.Debug|Any CPU.ActiveCfg = Debug|Any CPU
		{1D2E92DA-1F1A-438F-BE53-69FF14BFCD00}.Debug|Any CPU.Build.0 = Debug|Any CPU
		{1D2E92DA-1F1A-438F-BE53-69FF14BFCD00}.Release|Any CPU.ActiveCfg = Release|Any CPU
		{1D2E92DA-1F1A-438F-BE53-69FF14BFCD00}.Release|Any CPU.Build.0 = Release|Any CPU
	EndGlobalSection
	GlobalSection(SolutionProperties) = preSolution
		HideSolutionNode = FALSE
	EndGlobalSection
	GlobalSection(ExtensibilityGlobals) = postSolution
		SolutionGuid = {E7B71ACF-7FCD-407B-A51D-10AE0838F958}
	EndGlobalSection
EndGlobal
